{
  "name": "@moggie/workspace",
  "version": "0.0.0",
  "lockfileVersion": 3,
  "requires": true,
  "packages": {
    "": {
      "name": "@moggie/workspace",
      "version": "0.0.0",
      "workspaces": [
        "packages/*"
      ],
      "devDependencies": {
        "prettier": "^3.3.3"
      }
    },
    "node_modules/@cargo-messages/android-arm-eabi": {
      "version": "0.1.80",
      "resolved": "https://registry.npmjs.org/@cargo-messages/android-arm-eabi/-/android-arm-eabi-0.1.80.tgz",
      "integrity": "sha512-QawKsQCs8rYqtq8JSEQBLuX/Tb4FcMVzg8ykSxqYy0qrgunr26MCqxGSsgzTUu4S7y3OH3RXN9lD+/JJZJB81w==",
      "cpu": [
        "arm"
      ],
      "dev": true,
      "license": "MIT",
      "optional": true,
      "os": [
        "android"
      ]
    },
    "node_modules/@cargo-messages/darwin-arm64": {
      "version": "0.1.80",
      "resolved": "https://registry.npmjs.org/@cargo-messages/darwin-arm64/-/darwin-arm64-0.1.80.tgz",
      "integrity": "sha512-l7s5I90Eol597qEfbQn6P7EFyxcedRpcwjXAPOqjTR7D7dHzMIxVXeLmYeiwSUsebTeQ9FWBi5H9thxJDJdShw==",
      "cpu": [
        "arm64"
      ],
      "dev": true,
      "license": "MIT",
      "optional": true,
      "os": [
        "darwin"
      ]
    },
    "node_modules/@cargo-messages/darwin-x64": {
      "version": "0.1.80",
      "resolved": "https://registry.npmjs.org/@cargo-messages/darwin-x64/-/darwin-x64-0.1.80.tgz",
      "integrity": "sha512-B8d5wjp3WosHh95nHX+MKHdb2n2/0PlajkuuULLy8sDPbC83mBoGQ6m15cY3g3nGiB9Wsot1GR6QkyaEVYZ5HQ==",
      "cpu": [
        "x64"
      ],
      "dev": true,
      "license": "MIT",
      "optional": true,
      "os": [
        "darwin"
      ]
    },
    "node_modules/@cargo-messages/linux-arm-gnueabihf": {
      "version": "0.1.80",
      "resolved": "https://registry.npmjs.org/@cargo-messages/linux-arm-gnueabihf/-/linux-arm-gnueabihf-0.1.80.tgz",
      "integrity": "sha512-q4vm0QJesAzMm0iOmTOMPQjVTgkQZCr1+NKluTb4343VDRceRQ6Hb01dzT2nm7dvsZYltP38WrsLavbrbXj08Q==",
      "cpu": [
        "arm"
      ],
      "dev": true,
      "license": "MIT",
      "optional": true,
      "os": [
        "linux"
      ]
    },
    "node_modules/@cargo-messages/linux-arm64-gnu": {
      "version": "0.1.80",
      "resolved": "https://registry.npmjs.org/@cargo-messages/linux-arm64-gnu/-/linux-arm64-gnu-0.1.80.tgz",
      "integrity": "sha512-fz7iaDWF0dK51Dg9+UzHNMHt28jTU27OZLDXHwKhWsf6VSJUAmAaM5auwTjhUbF0HXKxueak6i4MdswyArcy3A==",
      "cpu": [
        "arm64"
      ],
      "dev": true,
      "license": "MIT",
      "optional": true,
      "os": [
        "linux"
      ]
    },
    "node_modules/@cargo-messages/linux-arm64-musl": {
      "version": "0.1.80",
      "resolved": "https://registry.npmjs.org/@cargo-messages/linux-arm64-musl/-/linux-arm64-musl-0.1.80.tgz",
      "integrity": "sha512-jgDDHZvWg3242zGwwlw9zx/tjMZEIjzef77T68p6BYSIlqEh8Xmla7rYO7QqaxsSdhs9QcJLLrWiAzOT2bkPYg==",
      "cpu": [
        "arm64"
      ],
      "dev": true,
      "license": "MIT",
      "optional": true,
      "os": [
        "linux"
      ]
    },
    "node_modules/@cargo-messages/linux-x64-gnu": {
      "version": "0.1.80",
      "resolved": "https://registry.npmjs.org/@cargo-messages/linux-x64-gnu/-/linux-x64-gnu-0.1.80.tgz",
      "integrity": "sha512-Ku5OyfoxBdcQ7tYUyL7iBCZ46l7Tl0MDAmf9V/7D4K/NLIg02ducK1wrCQ+MaUAJu2pxu7gTgfR6SGeZtQOYoA==",
      "cpu": [
        "x64"
      ],
      "dev": true,
      "license": "MIT",
      "optional": true,
      "os": [
        "linux"
      ]
    },
    "node_modules/@cargo-messages/linux-x64-musl": {
      "version": "0.1.80",
      "resolved": "https://registry.npmjs.org/@cargo-messages/linux-x64-musl/-/linux-x64-musl-0.1.80.tgz",
      "integrity": "sha512-/e5oQ6kSzEjdfzznqsMOtgqMc01MWYGI0yEn1iMwgB8K+cN9ma/sTXMVpKw7PRov2lQWCuSIhG3WZeF+PmloGA==",
      "cpu": [
        "x64"
      ],
      "dev": true,
      "license": "MIT",
      "optional": true,
      "os": [
        "linux"
      ]
    },
    "node_modules/@cargo-messages/win32-arm64-msvc": {
      "version": "0.1.80",
      "resolved": "https://registry.npmjs.org/@cargo-messages/win32-arm64-msvc/-/win32-arm64-msvc-0.1.80.tgz",
      "integrity": "sha512-8f8skn92zZDhZ74nh1ODp9eqV1XsGPlHITny+BQ+pOls0b62G39ECIkcdlGVeG0qBrR+8aJ6Tnr8KjqZXv7kwQ==",
      "cpu": [
        "arm64"
      ],
      "dev": true,
      "license": "MIT",
      "optional": true,
      "os": [
        "win32"
      ]
    },
    "node_modules/@cargo-messages/win32-x64-msvc": {
      "version": "0.1.80",
      "resolved": "https://registry.npmjs.org/@cargo-messages/win32-x64-msvc/-/win32-x64-msvc-0.1.80.tgz",
      "integrity": "sha512-L6sM4HDOM09egXhyYhb1X9/IJZ056HHSfmEHCnnLw0NN5eotOhQS/Mp2rBmttMs6OAPjci4ugrNnTQcqzVd0BQ==",
      "cpu": [
        "x64"
      ],
      "dev": true,
      "license": "MIT",
      "optional": true,
      "os": [
        "win32"
      ]
    },
    "node_modules/@moggie/core": {
      "resolved": "packages/framework-core",
      "link": true
    },
    "node_modules/@moggie/helpers": {
      "resolved": "packages/framework-helpers",
      "link": true
    },
    "node_modules/@moggie/native": {
      "resolved": "packages/framework-native",
      "link": true
    },
    "node_modules/@moggie/runtime": {
      "resolved": "packages/runtime",
      "link": true
    },
    "node_modules/@moggie/testing-helpers": {
      "resolved": "packages/testing-helpers",
      "link": true
    },
    "node_modules/@neon-rs/cli": {
      "version": "0.1.81",
      "resolved": "https://registry.npmjs.org/@neon-rs/cli/-/cli-0.1.81.tgz",
      "integrity": "sha512-7mfLsXjXBEypMn+AxdIkCGJNdX2i9NWbeZgLKdOUcFrEnvQAAcx8pjtouxL3a/AFKYRu4QKucnFO3G+07aydtg==",
      "dev": true,
      "license": "MIT",
      "bin": {
        "neon": "index.js"
      },
      "optionalDependencies": {
        "@cargo-messages/android-arm-eabi": "0.1.80",
        "@cargo-messages/darwin-arm64": "0.1.80",
        "@cargo-messages/darwin-x64": "0.1.80",
        "@cargo-messages/linux-arm-gnueabihf": "0.1.80",
        "@cargo-messages/linux-arm64-gnu": "0.1.80",
        "@cargo-messages/linux-arm64-musl": "0.1.80",
        "@cargo-messages/linux-x64-gnu": "0.1.80",
        "@cargo-messages/linux-x64-musl": "0.1.80",
        "@cargo-messages/win32-arm64-msvc": "0.1.80",
        "@cargo-messages/win32-x64-msvc": "0.1.80"
      }
    },
    "node_modules/@neon-rs/load": {
      "version": "0.1.81",
      "resolved": "https://registry.npmjs.org/@neon-rs/load/-/load-0.1.81.tgz",
      "integrity": "sha512-A6w26BOWkFNXw04nfmcC75mLiPd3HPYC/PAuNDlXswvNb/rf55qXpTqGSz2txJmc7V8UDfIE1CAq5FUjL9wOmQ==",
      "license": "MIT"
    },
    "node_modules/@oxc-transform/binding-darwin-arm64": {
      "version": "0.30.5",
      "resolved": "https://registry.npmjs.org/@oxc-transform/binding-darwin-arm64/-/binding-darwin-arm64-0.30.5.tgz",
      "integrity": "sha512-DBaBT9DbmtqQJrxoajYhbXhij/N7xKdH1L8pqeSFRiZcScdaHxsAspAl9nMU7xdRE0NYh67qrKeO3thsah25Xw==",
      "cpu": [
        "arm64"
      ],
      "license": "MIT",
      "optional": true,
      "os": [
        "darwin"
      ]
    },
    "node_modules/@oxc-transform/binding-darwin-x64": {
      "version": "0.30.5",
      "resolved": "https://registry.npmjs.org/@oxc-transform/binding-darwin-x64/-/binding-darwin-x64-0.30.5.tgz",
      "integrity": "sha512-T2F7csIwWKug/1G7YRiZImAEL+90pt9DQbJVAqOXlGlWiHd4TlTaJZ28qXCDiRouCFMVjEEenbQuM0s+Cg5n3A==",
      "cpu": [
        "x64"
      ],
      "license": "MIT",
      "optional": true,
      "os": [
        "darwin"
      ]
    },
    "node_modules/@oxc-transform/binding-linux-arm64-gnu": {
      "version": "0.30.5",
      "resolved": "https://registry.npmjs.org/@oxc-transform/binding-linux-arm64-gnu/-/binding-linux-arm64-gnu-0.30.5.tgz",
      "integrity": "sha512-uW3JSY+Iaw67rfhN8NfpQd7vn1T00QIR7tI6Fj7cW6a+NweVWHMmm/BNTDtIbwg5U0VAlzs48fdNK1l4PbWGCQ==",
      "cpu": [
        "arm64"
      ],
      "license": "MIT",
      "optional": true,
      "os": [
        "linux"
      ]
    },
    "node_modules/@oxc-transform/binding-linux-arm64-musl": {
      "version": "0.30.5",
      "resolved": "https://registry.npmjs.org/@oxc-transform/binding-linux-arm64-musl/-/binding-linux-arm64-musl-0.30.5.tgz",
      "integrity": "sha512-cqa57svTkq5mKMGqTcmn4eEeFChO2y8Z3UPaUg2W9qpWa0VjYmBXbBFcKj7f/6nHg8S8i4GLP1JwNbZNNvCzsw==",
      "cpu": [
        "arm64"
      ],
      "license": "MIT",
      "optional": true,
      "os": [
        "linux"
      ]
    },
    "node_modules/@oxc-transform/binding-linux-x64-gnu": {
      "version": "0.30.5",
      "resolved": "https://registry.npmjs.org/@oxc-transform/binding-linux-x64-gnu/-/binding-linux-x64-gnu-0.30.5.tgz",
      "integrity": "sha512-sYAIKwpVXArXJDetF6NiKcselPxIdHD3sAlkWsfI1I7F6gRxqF+FucRP7IZi6ULDC4rLeyE9rW+NRBGD6N6mmQ==",
      "cpu": [
        "x64"
      ],
      "license": "MIT",
      "optional": true,
      "os": [
        "linux"
      ]
    },
    "node_modules/@oxc-transform/binding-linux-x64-musl": {
      "version": "0.30.5",
      "resolved": "https://registry.npmjs.org/@oxc-transform/binding-linux-x64-musl/-/binding-linux-x64-musl-0.30.5.tgz",
      "integrity": "sha512-JrwvyOSNjOTG48Fu51WSWWWWGU1abs3RHtQ9NJTLE5dZsvqCe/A1qJSaCJskEuqRcDf++6yO3gXSg8q/JAn3rg==",
      "cpu": [
        "x64"
      ],
      "license": "MIT",
      "optional": true,
      "os": [
        "linux"
      ]
    },
    "node_modules/@oxc-transform/binding-win32-arm64-msvc": {
      "version": "0.30.5",
      "resolved": "https://registry.npmjs.org/@oxc-transform/binding-win32-arm64-msvc/-/binding-win32-arm64-msvc-0.30.5.tgz",
      "integrity": "sha512-EXjLTyuFdpna949GkkytWs8v6SGG/xuYRprZWNhTv8oBaxBTEUiHW4dhuNkEYa/WyA4PWQJx+cN8vllnhOchkQ==",
      "cpu": [
        "arm64"
      ],
      "license": "MIT",
      "optional": true,
      "os": [
        "win32"
      ]
    },
    "node_modules/@oxc-transform/binding-win32-x64-msvc": {
      "version": "0.30.5",
      "resolved": "https://registry.npmjs.org/@oxc-transform/binding-win32-x64-msvc/-/binding-win32-x64-msvc-0.30.5.tgz",
      "integrity": "sha512-vKBHInTCqC70oGFnZTKgcC7EeJ7On0QWmyTZwtn6snOW9UP6eCs/xpKfDmp4ZWUxiAV4EikXbXuy0snl5Spm8Q==",
      "cpu": [
        "x64"
      ],
      "license": "MIT",
      "optional": true,
      "os": [
        "win32"
      ]
    },
    "node_modules/@swc/core": {
      "version": "1.7.26",
      "resolved": "https://registry.npmjs.org/@swc/core/-/core-1.7.26.tgz",
      "integrity": "sha512-f5uYFf+TmMQyYIoxkn/evWhNGuUzC730dFwAKGwBVHHVoPyak1/GvJUm6i1SKl+2Hrj9oN0i3WSoWWZ4pgI8lw==",
      "hasInstallScript": true,
      "license": "Apache-2.0",
      "dependencies": {
        "@swc/counter": "^0.1.3",
        "@swc/types": "^0.1.12"
      },
      "engines": {
        "node": ">=10"
      },
      "funding": {
        "type": "opencollective",
        "url": "https://opencollective.com/swc"
      },
      "optionalDependencies": {
        "@swc/core-darwin-arm64": "1.7.26",
        "@swc/core-darwin-x64": "1.7.26",
        "@swc/core-linux-arm-gnueabihf": "1.7.26",
        "@swc/core-linux-arm64-gnu": "1.7.26",
        "@swc/core-linux-arm64-musl": "1.7.26",
        "@swc/core-linux-x64-gnu": "1.7.26",
        "@swc/core-linux-x64-musl": "1.7.26",
        "@swc/core-win32-arm64-msvc": "1.7.26",
        "@swc/core-win32-ia32-msvc": "1.7.26",
        "@swc/core-win32-x64-msvc": "1.7.26"
      },
      "peerDependencies": {
        "@swc/helpers": "*"
      },
      "peerDependenciesMeta": {
        "@swc/helpers": {
          "optional": true
        }
      }
    },
    "node_modules/@swc/core-darwin-arm64": {
      "version": "1.7.26",
      "resolved": "https://registry.npmjs.org/@swc/core-darwin-arm64/-/core-darwin-arm64-1.7.26.tgz",
      "integrity": "sha512-FF3CRYTg6a7ZVW4yT9mesxoVVZTrcSWtmZhxKCYJX9brH4CS/7PRPjAKNk6kzWgWuRoglP7hkjQcd6EpMcZEAw==",
      "cpu": [
        "arm64"
      ],
      "license": "Apache-2.0 AND MIT",
      "optional": true,
      "os": [
        "darwin"
      ],
      "engines": {
        "node": ">=10"
      }
    },
    "node_modules/@swc/core-darwin-x64": {
      "version": "1.7.26",
      "resolved": "https://registry.npmjs.org/@swc/core-darwin-x64/-/core-darwin-x64-1.7.26.tgz",
      "integrity": "sha512-az3cibZdsay2HNKmc4bjf62QVukuiMRh5sfM5kHR/JMTrLyS6vSw7Ihs3UTkZjUxkLTT8ro54LI6sV6sUQUbLQ==",
      "cpu": [
        "x64"
      ],
      "license": "Apache-2.0 AND MIT",
      "optional": true,
      "os": [
        "darwin"
      ],
      "engines": {
        "node": ">=10"
      }
    },
    "node_modules/@swc/core-linux-arm-gnueabihf": {
      "version": "1.7.26",
      "resolved": "https://registry.npmjs.org/@swc/core-linux-arm-gnueabihf/-/core-linux-arm-gnueabihf-1.7.26.tgz",
      "integrity": "sha512-VYPFVJDO5zT5U3RpCdHE5v1gz4mmR8BfHecUZTmD2v1JeFY6fv9KArJUpjrHEEsjK/ucXkQFmJ0jaiWXmpOV9Q==",
      "cpu": [
        "arm"
      ],
      "license": "Apache-2.0",
      "optional": true,
      "os": [
        "linux"
      ],
      "engines": {
        "node": ">=10"
      }
    },
    "node_modules/@swc/core-linux-arm64-gnu": {
      "version": "1.7.26",
      "resolved": "https://registry.npmjs.org/@swc/core-linux-arm64-gnu/-/core-linux-arm64-gnu-1.7.26.tgz",
      "integrity": "sha512-YKevOV7abpjcAzXrhsl+W48Z9mZvgoVs2eP5nY+uoMAdP2b3GxC0Df1Co0I90o2lkzO4jYBpTMcZlmUXLdXn+Q==",
      "cpu": [
        "arm64"
      ],
      "license": "Apache-2.0 AND MIT",
      "optional": true,
      "os": [
        "linux"
      ],
      "engines": {
        "node": ">=10"
      }
    },
    "node_modules/@swc/core-linux-arm64-musl": {
      "version": "1.7.26",
      "resolved": "https://registry.npmjs.org/@swc/core-linux-arm64-musl/-/core-linux-arm64-musl-1.7.26.tgz",
      "integrity": "sha512-3w8iZICMkQQON0uIcvz7+Q1MPOW6hJ4O5ETjA0LSP/tuKqx30hIniCGOgPDnv3UTMruLUnQbtBwVCZTBKR3Rkg==",
      "cpu": [
        "arm64"
      ],
      "license": "Apache-2.0 AND MIT",
      "optional": true,
      "os": [
        "linux"
      ],
      "engines": {
        "node": ">=10"
      }
    },
    "node_modules/@swc/core-linux-x64-gnu": {
      "version": "1.7.26",
      "resolved": "https://registry.npmjs.org/@swc/core-linux-x64-gnu/-/core-linux-x64-gnu-1.7.26.tgz",
      "integrity": "sha512-c+pp9Zkk2lqb06bNGkR2Looxrs7FtGDMA4/aHjZcCqATgp348hOKH5WPvNLBl+yPrISuWjbKDVn3NgAvfvpH4w==",
      "cpu": [
        "x64"
      ],
      "license": "Apache-2.0 AND MIT",
      "optional": true,
      "os": [
        "linux"
      ],
      "engines": {
        "node": ">=10"
      }
    },
    "node_modules/@swc/core-linux-x64-musl": {
      "version": "1.7.26",
      "resolved": "https://registry.npmjs.org/@swc/core-linux-x64-musl/-/core-linux-x64-musl-1.7.26.tgz",
      "integrity": "sha512-PgtyfHBF6xG87dUSSdTJHwZ3/8vWZfNIXQV2GlwEpslrOkGqy+WaiiyE7Of7z9AvDILfBBBcJvJ/r8u980wAfQ==",
      "cpu": [
        "x64"
      ],
      "license": "Apache-2.0 AND MIT",
      "optional": true,
      "os": [
        "linux"
      ],
      "engines": {
        "node": ">=10"
      }
    },
    "node_modules/@swc/core-win32-arm64-msvc": {
      "version": "1.7.26",
      "resolved": "https://registry.npmjs.org/@swc/core-win32-arm64-msvc/-/core-win32-arm64-msvc-1.7.26.tgz",
      "integrity": "sha512-9TNXPIJqFynlAOrRD6tUQjMq7KApSklK3R/tXgIxc7Qx+lWu8hlDQ/kVPLpU7PWvMMwC/3hKBW+p5f+Tms1hmA==",
      "cpu": [
        "arm64"
      ],
      "license": "Apache-2.0 AND MIT",
      "optional": true,
      "os": [
        "win32"
      ],
      "engines": {
        "node": ">=10"
      }
    },
    "node_modules/@swc/core-win32-ia32-msvc": {
      "version": "1.7.26",
      "resolved": "https://registry.npmjs.org/@swc/core-win32-ia32-msvc/-/core-win32-ia32-msvc-1.7.26.tgz",
      "integrity": "sha512-9YngxNcG3177GYdsTum4V98Re+TlCeJEP4kEwEg9EagT5s3YejYdKwVAkAsJszzkXuyRDdnHUpYbTrPG6FiXrQ==",
      "cpu": [
        "ia32"
      ],
      "license": "Apache-2.0 AND MIT",
      "optional": true,
      "os": [
        "win32"
      ],
      "engines": {
        "node": ">=10"
      }
    },
    "node_modules/@swc/core-win32-x64-msvc": {
      "version": "1.7.26",
      "resolved": "https://registry.npmjs.org/@swc/core-win32-x64-msvc/-/core-win32-x64-msvc-1.7.26.tgz",
      "integrity": "sha512-VR+hzg9XqucgLjXxA13MtV5O3C0bK0ywtLIBw/+a+O+Oc6mxFWHtdUeXDbIi5AiPbn0fjgVJMqYnyjGyyX8u0w==",
      "cpu": [
        "x64"
      ],
      "license": "Apache-2.0 AND MIT",
      "optional": true,
      "os": [
        "win32"
      ],
      "engines": {
        "node": ">=10"
      }
    },
    "node_modules/@swc/counter": {
      "version": "0.1.3",
      "resolved": "https://registry.npmjs.org/@swc/counter/-/counter-0.1.3.tgz",
      "integrity": "sha512-e2BR4lsJkkRlKZ/qCHPw9ZaSxc0MVUd7gtbtaB7aMvHeJVYe8sOB8DBZkP2DtISHGSku9sCK6T6cnY0CtXrOCQ==",
      "license": "Apache-2.0"
    },
    "node_modules/@swc/types": {
      "version": "0.1.12",
      "resolved": "https://registry.npmjs.org/@swc/types/-/types-0.1.12.tgz",
      "integrity": "sha512-wBJA+SdtkbFhHjTMYH+dEH1y4VpfGdAc2Kw/LK09i9bXd/K6j6PkDcFCEzb6iVfZMkPRrl/q0e3toqTAJdkIVA==",
      "license": "Apache-2.0",
      "dependencies": {
        "@swc/counter": "^0.1.3"
      }
    },
    "node_modules/@tsconfig/node20": {
      "version": "20.1.4",
      "resolved": "https://registry.npmjs.org/@tsconfig/node20/-/node20-20.1.4.tgz",
      "integrity": "sha512-sqgsT69YFeLWf5NtJ4Xq/xAF8p4ZQHlmGW74Nu2tD4+g5fAsposc4ZfaaPixVu4y01BEiDCWLRDCvDM5JOsRxg==",
      "dev": true,
      "license": "MIT"
    },
    "node_modules/@types/node": {
      "version": "20.16.10",
      "resolved": "https://registry.npmjs.org/@types/node/-/node-20.16.10.tgz",
      "integrity": "sha512-vQUKgWTjEIRFCvK6CyriPH3MZYiYlNy0fKiEYHWbcoWLEgs4opurGGKlebrTLqdSMIbXImH6XExNiIyNUv3WpA==",
      "dev": true,
      "license": "MIT",
      "dependencies": {
        "undici-types": "~6.19.2"
      }
    },
    "node_modules/oxc-transform": {
      "version": "0.30.5",
      "resolved": "https://registry.npmjs.org/oxc-transform/-/oxc-transform-0.30.5.tgz",
      "integrity": "sha512-6LxAZx298Y2DK/5I7xdX2dC8G1IEHREL9oMy2elPVoP67s9FHcdAwGVKlcjkISlCfG22YAISYAhxKAdWS7hXhg==",
      "license": "MIT",
      "funding": {
        "url": "https://github.com/sponsors/Boshen"
      },
      "optionalDependencies": {
        "@oxc-transform/binding-darwin-arm64": "0.30.5",
        "@oxc-transform/binding-darwin-x64": "0.30.5",
        "@oxc-transform/binding-linux-arm64-gnu": "0.30.5",
        "@oxc-transform/binding-linux-arm64-musl": "0.30.5",
        "@oxc-transform/binding-linux-x64-gnu": "0.30.5",
        "@oxc-transform/binding-linux-x64-musl": "0.30.5",
        "@oxc-transform/binding-win32-arm64-msvc": "0.30.5",
        "@oxc-transform/binding-win32-x64-msvc": "0.30.5"
      }
    },
    "node_modules/prettier": {
      "version": "3.3.3",
      "resolved": "https://registry.npmjs.org/prettier/-/prettier-3.3.3.tgz",
      "integrity": "sha512-i2tDNA0O5IrMO757lfrdQZCc2jPNDVntV0m/+4whiDfWaTKfMNgR7Qz0NAeGz/nRqF4m5/6CLzbP4/liHt12Ew==",
      "dev": true,
      "license": "MIT",
      "bin": {
        "prettier": "bin/prettier.cjs"
      },
      "engines": {
        "node": ">=14"
      },
      "funding": {
        "url": "https://github.com/prettier/prettier?sponsor=1"
      }
    },
    "node_modules/typescript": {
      "version": "5.6.2",
      "resolved": "https://registry.npmjs.org/typescript/-/typescript-5.6.2.tgz",
      "integrity": "sha512-NW8ByodCSNCwZeghjN3o+JX5OFH0Ojg6sadjEKY4huZ52TqbJTJnDo5+Tw98lSy63NZvi4n+ez5m2u5d4PkZyw==",
      "dev": true,
      "license": "Apache-2.0",
      "bin": {
        "tsc": "bin/tsc",
        "tsserver": "bin/tsserver"
      },
      "engines": {
        "node": ">=14.17"
      }
    },
    "node_modules/undici-types": {
      "version": "6.19.8",
      "resolved": "https://registry.npmjs.org/undici-types/-/undici-types-6.19.8.tgz",
      "integrity": "sha512-ve2KP6f/JnbPBFyobGHuerC9g1FYGn/F8n1LWTwNxCEzd6IfqTwUQcNXgEtmmQ6DlRrC1hrSrBnCZPokRrDHjw==",
      "dev": true,
      "license": "MIT"
    },
    "packages/framework-core": {
      "name": "@moggie/core",
      "version": "0.1.0",
      "license": "Apache-2.0",
      "dependencies": {
        "@moggie/helpers": "^0.1.0",
        "@moggie/runtime": "^0.1.0"
      },
      "devDependencies": {}
    },
    "packages/framework-helpers": {
      "name": "@moggie/helpers",
      "version": "0.1.0",
      "license": "Apache-2.0"
    },
    "packages/framework-native": {
      "name": "@moggie/native",
      "version": "0.1.0",
      "license": "Apache-2.0",
      "dependencies": {
        "@moggie/core": "^0.1.0",
        "@neon-rs/load": "^0.1.73"
      },
      "devDependencies": {
        "@neon-rs/cli": "^0.1.73",
        "@tsconfig/node20": "^20.1.4",
        "@types/node": "^20.11.16",
        "typescript": "^5.3.3"
      }
    },
    "packages/runtime": {
      "name": "@moggie/runtime",
      "version": "0.1.0",
      "license": "Apache-2.0",
      "dependencies": {
        "@swc/core": "^1.7.26",
        "oxc-transform": "^0.30.5"
      }
    },
    "packages/testing-helpers": {
      "name": "@moggie/testing-helpers",
      "version": "0.1.0",
      "license": "Apache-2.0",
      "devDependencies": {}
    }
  }
}
